
Microsoft Visual Studio Solution File, Format Version 12.00
# Visual Studio Version 17
VisualStudioVersion = 17.2.32630.192
MinimumVisualStudioVersion = 10.0.40219.1
Project("{9A19103F-16F7-4668-BE54-9A1E7A4F7556}") = "Monambike.Web", "src\Monambike.Web\Monambike.Web.csproj", "{62DFA29C-F648-4703-977D-CE95D7212223}"
EndProject
Project("{9A19103F-16F7-4668-BE54-9A1E7A4F7556}") = "Monambike.WebAPI", "src\Monambike.WebAPI\Monambike.WebAPI.csproj", "{73407796-6DFC-4CB1-A1C2-A1D5445E583A}"
EndProject
Global
	GlobalSection(SolutionConfigurationPlatforms) = preSolution
		Debug|Any CPU = Debug|Any CPU
		Release|Any CPU = Release|Any CPU
	EndGlobalSection
	GlobalSection(ProjectConfigurationPlatforms) = postSolution
		{62DFA29C-F648-4703-977D-CE95D7212223}.Debug|Any CPU.ActiveCfg = Debug|Any CPU
		{62DFA29C-F648-4703-977D-CE95D7212223}.Debug|Any CPU.Build.0 = Debug|Any CPU
		{62DFA29C-F648-4703-977D-CE95D7212223}.Release|Any CPU.ActiveCfg = Release|Any CPU
		{62DFA29C-F648-4703-977D-CE95D7212223}.Release|Any CPU.Build.0 = Release|Any CPU
		{73407796-6DFC-4CB1-A1C2-A1D5445E583A}.Debug|Any CPU.ActiveCfg = Debug|Any CPU
		{73407796-6DFC-4CB1-A1C2-A1D5445E583A}.Debug|Any CPU.Build.0 = Debug|Any CPU
		{73407796-6DFC-4CB1-A1C2-A1D5445E583A}.Release|Any CPU.ActiveCfg = Release|Any CPU
		{73407796-6DFC-4CB1-A1C2-A1D5445E583A}.Release|Any CPU.Build.0 = Release|Any CPU
	EndGlobalSection
	GlobalSection(SolutionProperties) = preSolution
		HideSolutionNode = FALSE
	EndGlobalSection
	GlobalSection(ExtensibilityGlobals) = postSolution
		SolutionGuid = {97847373-3E88-41AA-9CB0-0AA9113F5B24}
	EndGlobalSection
EndGlobal
